{
  "originHash" : "2e353ef526b8b82724f41c31af63f36de2721750b9e92db0734554f73503ccc8",
  "pins" : [
    {
      "identity" : "mantis",
      "kind" : "remoteSourceControl",
      "location" : "https://github.com/guoyingtao/Mantis",
      "state" : {
        "revision" : "d6880eb97267248f89e6cef2dd52785d50627639",
        "version" : "1.9.0"
      }
    }
  ],
  "version" : 3
}
